<Solution>
  <Folder Name="/backend/">
    <Project Path="backend/ResumoCash.Api/ResumoCash.Api.csproj" />
    <Project Path="backend/ResumoCash.Application/ResumoCash.Application.csproj" />
    <Project Path="backend/ResumoCash.Domain/ResumoCash.Domain.csproj" />
    <Project Path="backend/ResumoCash.Infrastructure/ResumoCash.Infrastructure.csproj" />
  </Folder>
  <Folder Name="/frontend/">
    <File Path=".gitkeep" />
  </Folder>
  <Folder Name="/Itens de Solução/">
    <File Path=".gitignore" />
    <File Path="README.md" />
  </Folder>
</Solution>
